
Microsoft Visual Studio Solution File, Format Version 12.00
# Visual Studio Version 16
VisualStudioVersion = 16.0.31019.35
MinimumVisualStudioVersion = 10.0.40219.1
Project("{FAE04EC0-301F-11D3-BF4B-00C04F79EFBC}") = "Ders 3 İnt Değişkenler", "Ders 3 İnt Değişkenler\Ders 3 İnt Değişkenler.csproj", "{74E714B2-6B76-433D-9024-16AEF29BDE81}"
EndProject
Global
	GlobalSection(SolutionConfigurationPlatforms) = preSolution
		Debug|Any CPU = Debug|Any CPU
		Release|Any CPU = Release|Any CPU
	EndGlobalSection
	GlobalSection(ProjectConfigurationPlatforms) = postSolution
		{74E714B2-6B76-433D-9024-16AEF29BDE81}.Debug|Any CPU.ActiveCfg = Debug|Any CPU
		{74E714B2-6B76-433D-9024-16AEF29BDE81}.Debug|Any CPU.Build.0 = Debug|Any CPU
		{74E714B2-6B76-433D-9024-16AEF29BDE81}.Release|Any CPU.ActiveCfg = Release|Any CPU
		{74E714B2-6B76-433D-9024-16AEF29BDE81}.Release|Any CPU.Build.0 = Release|Any CPU
	EndGlobalSection
	GlobalSection(SolutionProperties) = preSolution
		HideSolutionNode = FALSE
	EndGlobalSection
	GlobalSection(ExtensibilityGlobals) = postSolution
		SolutionGuid = {E9C81FC1-5288-4E39-8937-DC4E3DAB55FE}
	EndGlobalSection
EndGlobal
