
Microsoft Visual Studio Solution File, Format Version 12.00
# Visual Studio Version 16
VisualStudioVersion = 16.0.31019.35
MinimumVisualStudioVersion = 10.0.40219.1
Project("{FAE04EC0-301F-11D3-BF4B-00C04F79EFBC}") = "Ders 33 Methodlar 2 v2", "Ders 33 Methodlar 2 v2\Ders 33 Methodlar 2 v2.csproj", "{EF41A32C-80A0-4888-9AB5-ECE5B24B5FB4}"
EndProject
Global
	GlobalSection(SolutionConfigurationPlatforms) = preSolution
		Debug|Any CPU = Debug|Any CPU
		Release|Any CPU = Release|Any CPU
	EndGlobalSection
	GlobalSection(ProjectConfigurationPlatforms) = postSolution
		{EF41A32C-80A0-4888-9AB5-ECE5B24B5FB4}.Debug|Any CPU.ActiveCfg = Debug|Any CPU
		{EF41A32C-80A0-4888-9AB5-ECE5B24B5FB4}.Debug|Any CPU.Build.0 = Debug|Any CPU
		{EF41A32C-80A0-4888-9AB5-ECE5B24B5FB4}.Release|Any CPU.ActiveCfg = Release|Any CPU
		{EF41A32C-80A0-4888-9AB5-ECE5B24B5FB4}.Release|Any CPU.Build.0 = Release|Any CPU
	EndGlobalSection
	GlobalSection(SolutionProperties) = preSolution
		HideSolutionNode = FALSE
	EndGlobalSection
	GlobalSection(ExtensibilityGlobals) = postSolution
		SolutionGuid = {57DC5299-08D8-4433-B2FE-05273BA33227}
	EndGlobalSection
EndGlobal
