
Microsoft Visual Studio Solution File, Format Version 12.00
# Visual Studio Version 16
VisualStudioVersion = 16.0.31019.35
MinimumVisualStudioVersion = 10.0.40219.1
Project("{FAE04EC0-301F-11D3-BF4B-00C04F79EFBC}") = "Ders1 Merhaba Dünya", "Ders1 Merhaba Dünya\Ders1 Merhaba Dünya.csproj", "{152F9937-6E55-43EC-A804-A15ABB76678C}"
EndProject
Global
	GlobalSection(SolutionConfigurationPlatforms) = preSolution
		Debug|Any CPU = Debug|Any CPU
		Release|Any CPU = Release|Any CPU
	EndGlobalSection
	GlobalSection(ProjectConfigurationPlatforms) = postSolution
		{152F9937-6E55-43EC-A804-A15ABB76678C}.Debug|Any CPU.ActiveCfg = Debug|Any CPU
		{152F9937-6E55-43EC-A804-A15ABB76678C}.Debug|Any CPU.Build.0 = Debug|Any CPU
		{152F9937-6E55-43EC-A804-A15ABB76678C}.Release|Any CPU.ActiveCfg = Release|Any CPU
		{152F9937-6E55-43EC-A804-A15ABB76678C}.Release|Any CPU.Build.0 = Release|Any CPU
	EndGlobalSection
	GlobalSection(SolutionProperties) = preSolution
		HideSolutionNode = FALSE
	EndGlobalSection
	GlobalSection(ExtensibilityGlobals) = postSolution
		SolutionGuid = {96FE00DD-3F6D-4450-8FE9-63A278B4550D}
	EndGlobalSection
EndGlobal
