
Microsoft Visual Studio Solution File, Format Version 12.00
# Visual Studio Version 16
VisualStudioVersion = 16.0.31019.35
MinimumVisualStudioVersion = 10.0.40219.1
Project("{FAE04EC0-301F-11D3-BF4B-00C04F79EFBC}") = "Ders 4 Aritmetik 4 İşlem Uygulaması", "Ders 4 Aritmetik 4 İşlem Uygulaması\Ders 4 Aritmetik 4 İşlem Uygulaması.csproj", "{C2ADF75E-605D-4561-99AA-E56EE036A1AB}"
EndProject
Global
	GlobalSection(SolutionConfigurationPlatforms) = preSolution
		Debug|Any CPU = Debug|Any CPU
		Release|Any CPU = Release|Any CPU
	EndGlobalSection
	GlobalSection(ProjectConfigurationPlatforms) = postSolution
		{C2ADF75E-605D-4561-99AA-E56EE036A1AB}.Debug|Any CPU.ActiveCfg = Debug|Any CPU
		{C2ADF75E-605D-4561-99AA-E56EE036A1AB}.Debug|Any CPU.Build.0 = Debug|Any CPU
		{C2ADF75E-605D-4561-99AA-E56EE036A1AB}.Release|Any CPU.ActiveCfg = Release|Any CPU
		{C2ADF75E-605D-4561-99AA-E56EE036A1AB}.Release|Any CPU.Build.0 = Release|Any CPU
	EndGlobalSection
	GlobalSection(SolutionProperties) = preSolution
		HideSolutionNode = FALSE
	EndGlobalSection
	GlobalSection(ExtensibilityGlobals) = postSolution
		SolutionGuid = {B6B50990-135B-4AC9-ACF5-1A9578C24E37}
	EndGlobalSection
EndGlobal
